
Microsoft Visual Studio Solution File, Format Version 12.00
# Visual Studio Version 17
VisualStudioVersion = 17.11.35312.102
MinimumVisualStudioVersion = 10.0.40219.1
Project("{FAE04EC0-301F-11D3-BF4B-00C04F79EFBC}") = "Fall2024-Assignment2-sbillante", "Fall2024-Assignment2-sbillante\Fall2024-Assignment2-sbillante.csproj", "{6E999C18-18F2-4664-B8BA-0BEBC7F168FE}"
EndProject
Global
	GlobalSection(SolutionConfigurationPlatforms) = preSolution
		Debug|Any CPU = Debug|Any CPU
		Release|Any CPU = Release|Any CPU
	EndGlobalSection
	GlobalSection(ProjectConfigurationPlatforms) = postSolution
		{6E999C18-18F2-4664-B8BA-0BEBC7F168FE}.Debug|Any CPU.ActiveCfg = Debug|Any CPU
		{6E999C18-18F2-4664-B8BA-0BEBC7F168FE}.Debug|Any CPU.Build.0 = Debug|Any CPU
		{6E999C18-18F2-4664-B8BA-0BEBC7F168FE}.Release|Any CPU.ActiveCfg = Release|Any CPU
		{6E999C18-18F2-4664-B8BA-0BEBC7F168FE}.Release|Any CPU.Build.0 = Release|Any CPU
	EndGlobalSection
	GlobalSection(SolutionProperties) = preSolution
		HideSolutionNode = FALSE
	EndGlobalSection
	GlobalSection(ExtensibilityGlobals) = postSolution
		SolutionGuid = {B7B69764-E6C2-4231-806C-19334F583A70}
	EndGlobalSection
EndGlobal
